
Microsoft Visual Studio Solution File, Format Version 12.00
# Visual Studio Version 16
VisualStudioVersion = 16.0.29709.97
MinimumVisualStudioVersion = 10.0.40219.1
Project("{FAE04EC0-301F-11D3-BF4B-00C04F79EFBC}") = "ConsoleApp3", "ConsoleApp3\ConsoleApp3.csproj", "{FD18E7D0-3060-42EB-B0D7-089496C97314}"
EndProject
Global
	GlobalSection(SolutionConfigurationPlatforms) = preSolution
		Debug|Any CPU = Debug|Any CPU
		Release|Any CPU = Release|Any CPU
	EndGlobalSection
	GlobalSection(ProjectConfigurationPlatforms) = postSolution
		{FD18E7D0-3060-42EB-B0D7-089496C97314}.Debug|Any CPU.ActiveCfg = Debug|Any CPU
		{FD18E7D0-3060-42EB-B0D7-089496C97314}.Debug|Any CPU.Build.0 = Debug|Any CPU
		{FD18E7D0-3060-42EB-B0D7-089496C97314}.Release|Any CPU.ActiveCfg = Release|Any CPU
		{FD18E7D0-3060-42EB-B0D7-089496C97314}.Release|Any CPU.Build.0 = Release|Any CPU
	EndGlobalSection
	GlobalSection(SolutionProperties) = preSolution
		HideSolutionNode = FALSE
	EndGlobalSection
	GlobalSection(ExtensibilityGlobals) = postSolution
		SolutionGuid = {7EAFE469-A99A-49AF-8078-B6311C04B5FE}
	EndGlobalSection
EndGlobal
